
Microsoft Visual Studio Solution File, Format Version 12.00
# Visual Studio Version 17
VisualStudioVersion = 17.5.002.0
MinimumVisualStudioVersion = 10.0.40219.1
Project("{9A19103F-16F7-4668-BE54-9A1E7A4F7556}") = "academy.patika.dev", "degiskenler\academy.patika.dev.csproj", "{B081898C-F726-464C-89D0-9866A9F636AD}"
EndProject
Project("{2150E333-8FDC-42A3-9474-1A3956D46DE8}") = "operatorler", "operatorler", "{F6EA45BD-4EA4-496C-AE05-9652CE933525}"
EndProject
Project("{9A19103F-16F7-4668-BE54-9A1E7A4F7556}") = "operators", "operatorler\operators\operators.csproj", "{61C603D3-7613-4B97-B081-CB5923618723}"
EndProject
Global
	GlobalSection(SolutionConfigurationPlatforms) = preSolution
		Debug|Any CPU = Debug|Any CPU
		Release|Any CPU = Release|Any CPU
	EndGlobalSection
	GlobalSection(ProjectConfigurationPlatforms) = postSolution
		{B081898C-F726-464C-89D0-9866A9F636AD}.Debug|Any CPU.ActiveCfg = Debug|Any CPU
		{B081898C-F726-464C-89D0-9866A9F636AD}.Debug|Any CPU.Build.0 = Debug|Any CPU
		{B081898C-F726-464C-89D0-9866A9F636AD}.Release|Any CPU.ActiveCfg = Release|Any CPU
		{B081898C-F726-464C-89D0-9866A9F636AD}.Release|Any CPU.Build.0 = Release|Any CPU
		{61C603D3-7613-4B97-B081-CB5923618723}.Debug|Any CPU.ActiveCfg = Debug|Any CPU
		{61C603D3-7613-4B97-B081-CB5923618723}.Debug|Any CPU.Build.0 = Debug|Any CPU
		{61C603D3-7613-4B97-B081-CB5923618723}.Release|Any CPU.ActiveCfg = Release|Any CPU
		{61C603D3-7613-4B97-B081-CB5923618723}.Release|Any CPU.Build.0 = Release|Any CPU
	EndGlobalSection
	GlobalSection(SolutionProperties) = preSolution
		HideSolutionNode = FALSE
	EndGlobalSection
	GlobalSection(NestedProjects) = preSolution
		{61C603D3-7613-4B97-B081-CB5923618723} = {F6EA45BD-4EA4-496C-AE05-9652CE933525}
	EndGlobalSection
	GlobalSection(ExtensibilityGlobals) = postSolution
		SolutionGuid = {847BA0F9-8D8A-43C9-B362-6E18069941C0}
	EndGlobalSection
EndGlobal
